// !$*UTF8*$!
{
	archiveVersion = 1;
	classes = {
	};
	objectVersion = 51;
	objects = {

/* Begin PBXBuildFile section */
		19A2444064041AEA45547EDA /* Pods_RxSwiftAPIGithubsExampleTests.framework in Frameworks */ = {isa = PBXBuildFile; fileRef = BEA6ABA2AF25BE8C9A26A070 /* Pods_RxSwiftAPIGithubsExampleTests.framework */; };
		2B2FD17422DAF32500596FF6 /* AppDelegate.swift in Sources */ = {isa = PBXBuildFile; fileRef = 2B2FD17322DAF32500596FF6 /* AppDelegate.swift */; };
		2B2FD17622DAF32500596FF6 /* ViewController.swift in Sources */ = {isa = PBXBuildFile; fileRef = 2B2FD17522DAF32500596FF6 /* ViewController.swift */; };
		2B2FD17922DAF32500596FF6 /* Main.storyboard in Resources */ = {isa = PBXBuildFile; fileRef = 2B2FD17722DAF32500596FF6 /* Main.storyboard */; };
		2B2FD17B22DAF32700596FF6 /* Assets.xcassets in Resources */ = {isa = PBXBuildFile; fileRef = 2B2FD17A22DAF32700596FF6 /* Assets.xcassets */; };
		2B2FD17E22DAF32700596FF6 /* LaunchScreen.storyboard in Resources */ = {isa = PBXBuildFile; fileRef = 2B2FD17C22DAF32700596FF6 /* LaunchScreen.storyboard */; };
		2B2FD18922DAF32700596FF6 /* RxSwiftAPIGithubsExampleTests.swift in Sources */ = {isa = PBXBuildFile; fileRef = 2B2FD18822DAF32700596FF6 /* RxSwiftAPIGithubsExampleTests.swift */; };
		FCAC9CD7AD12EDA9DECC4BB4 /* Pods_RxSwiftAPIGithubsExample.framework in Frameworks */ = {isa = PBXBuildFile; fileRef = 868A9CECB6FCF18978874A0C /* Pods_RxSwiftAPIGithubsExample.framework */; };
/* End PBXBuildFile section */

/* Begin PBXContainerItemProxy section */
		2B2FD18522DAF32700596FF6 /* PBXContainerItemProxy */ = {
			isa = PBXContainerItemProxy;
			containerPortal = 2B2FD16822DAF32500596FF6 /* Project object */;
			proxyType = 1;
			remoteGlobalIDString = 2B2FD16F22DAF32500596FF6;
			remoteInfo = RxSwiftAPIGithubsExample;
		};
/* End PBXContainerItemProxy section */

/* Begin PBXFileReference section */
		01F1BCA96A0E641E38B259D5 /* Pods-RxSwiftAPIGithubsExampleTests.release.xcconfig */ = {isa = PBXFileReference; includeInIndex = 1; lastKnownFileType = text.xcconfig; name = "Pods-RxSwiftAPIGithubsExampleTests.release.xcconfig"; path = "Target Support Files/Pods-RxSwiftAPIGithubsExampleTests/Pods-RxSwiftAPIGithubsExampleTests.release.xcconfig"; sourceTree = "<group>"; };
		04890791F623C5596036D03E /* Pods-RxSwiftAPIGithubsExample.release.xcconfig */ = {isa = PBXFileReference; includeInIndex = 1; lastKnownFileType = text.xcconfig; name = "Pods-RxSwiftAPIGithubsExample.release.xcconfig"; path = "Target Support Files/Pods-RxSwiftAPIGithubsExample/Pods-RxSwiftAPIGithubsExample.release.xcconfig"; sourceTree = "<group>"; };
		23C7DAB1E3A3EAC4CDBC749C /* Pods-RxSwiftAPIGithubsExample.debug.xcconfig */ = {isa = PBXFileReference; includeInIndex = 1; lastKnownFileType = text.xcconfig; name = "Pods-RxSwiftAPIGithubsExample.debug.xcconfig"; path = "Target Support Files/Pods-RxSwiftAPIGithubsExample/Pods-RxSwiftAPIGithubsExample.debug.xcconfig"; sourceTree = "<group>"; };
		2B2FD17022DAF32500596FF6 /* RxSwiftAPIGithubsExample.app */ = {isa = PBXFileReference; explicitFileType = wrapper.application; includeInIndex = 0; path = RxSwiftAPIGithubsExample.app; sourceTree = BUILT_PRODUCTS_DIR; };
		2B2FD17322DAF32500596FF6 /* AppDelegate.swift */ = {isa = PBXFileReference; lastKnownFileType = sourcecode.swift; path = AppDelegate.swift; sourceTree = "<group>"; };
		2B2FD17522DAF32500596FF6 /* ViewController.swift */ = {isa = PBXFileReference; lastKnownFileType = sourcecode.swift; path = ViewController.swift; sourceTree = "<group>"; };
		2B2FD17822DAF32500596FF6 /* Base */ = {isa = PBXFileReference; lastKnownFileType = file.storyboard; name = Base; path = Base.lproj/Main.storyboard; sourceTree = "<group>"; };
		2B2FD17A22DAF32700596FF6 /* Assets.xcassets */ = {isa = PBXFileReference; lastKnownFileType = folder.assetcatalog; path = Assets.xcassets; sourceTree = "<group>"; };
		2B2FD17D22DAF32700596FF6 /* Base */ = {isa = PBXFileReference; lastKnownFileType = file.storyboard; name = Base; path = Base.lproj/LaunchScreen.storyboard; sourceTree = "<group>"; };
		2B2FD17F22DAF32700596FF6 /* Info.plist */ = {isa = PBXFileReference; lastKnownFileType = text.plist.xml; path = Info.plist; sourceTree = "<group>"; };
		2B2FD18422DAF32700596FF6 /* RxSwiftAPIGithubsExampleTests.xctest */ = {isa = PBXFileReference; explicitFileType = wrapper.cfbundle; includeInIndex = 0; path = RxSwiftAPIGithubsExampleTests.xctest; sourceTree = BUILT_PRODUCTS_DIR; };
		2B2FD18822DAF32700596FF6 /* RxSwiftAPIGithubsExampleTests.swift */ = {isa = PBXFileReference; lastKnownFileType = sourcecode.swift; path = RxSwiftAPIGithubsExampleTests.swift; sourceTree = "<group>"; };
		2B2FD18A22DAF32700596FF6 /* Info.plist */ = {isa = PBXFileReference; lastKnownFileType = text.plist.xml; path = Info.plist; sourceTree = "<group>"; };
		868A9CECB6FCF18978874A0C /* Pods_RxSwiftAPIGithubsExample.framework */ = {isa = PBXFileReference; explicitFileType = wrapper.framework; includeInIndex = 0; path = Pods_RxSwiftAPIGithubsExample.framework; sourceTree = BUILT_PRODUCTS_DIR; };
		8E7F83F3A911F9AEBA95576B /* Pods-RxSwiftAPIGithubsExampleTests.debug.xcconfig */ = {isa = PBXFileReference; includeInIndex = 1; lastKnownFileType = text.xcconfig; name = "Pods-RxSwiftAPIGithubsExampleTests.debug.xcconfig"; path = "Target Support Files/Pods-RxSwiftAPIGithubsExampleTests/Pods-RxSwiftAPIGithubsExampleTests.debug.xcconfig"; sourceTree = "<group>"; };
		BEA6ABA2AF25BE8C9A26A070 /* Pods_RxSwiftAPIGithubsExampleTests.framework */ = {isa = PBXFileReference; explicitFileType = wrapper.framework; includeInIndex = 0; path = Pods_RxSwiftAPIGithubsExampleTests.framework; sourceTree = BUILT_PRODUCTS_DIR; };
/* End PBXFileReference section */

/* Begin PBXFrameworksBuildPhase section */
		2B2FD16D22DAF32500596FF6 /* Frameworks */ = {
			isa = PBXFrameworksBuildPhase;
			buildActionMask = 2147483647;
			files = (
				FCAC9CD7AD12EDA9DECC4BB4 /* Pods_RxSwiftAPIGithubsExample.framework in Frameworks */,
			);
			runOnlyForDeploymentPostprocessing = 0;
		};
		2B2FD18122DAF32700596FF6 /* Frameworks */ = {
			isa = PBXFrameworksBuildPhase;
			buildActionMask = 2147483647;
			files = (
				19A2444064041AEA45547EDA /* Pods_RxSwiftAPIGithubsExampleTests.framework in Frameworks */,
			);
			runOnlyForDeploymentPostprocessing = 0;
		};
/* End PBXFrameworksBuildPhase section */

/* Begin PBXGroup section */
		2B2FD16722DAF32500596FF6 = {
			isa = PBXGroup;
			children = (
				2B2FD17222DAF32500596FF6 /* RxSwiftAPIGithubsExample */,
				2B2FD18722DAF32700596FF6 /* RxSwiftAPIGithubsExampleTests */,
				2B2FD17122DAF32500596FF6 /* Products */,
				8026044FC9405EF30F4DC03E /* Pods */,
				7DFA80D1C9B68423FBF500A3 /* Frameworks */,
			);
			sourceTree = "<group>";
		};
		2B2FD17122DAF32500596FF6 /* Products */ = {
			isa = PBXGroup;
			children = (
				2B2FD17022DAF32500596FF6 /* RxSwiftAPIGithubsExample.app */,
				2B2FD18422DAF32700596FF6 /* RxSwiftAPIGithubsExampleTests.xctest */,
			);
			name = Products;
			sourceTree = "<group>";
		};
		2B2FD17222DAF32500596FF6 /* RxSwiftAPIGithubsExample */ = {
			isa = PBXGroup;
			children = (
				2B2FD17322DAF32500596FF6 /* AppDelegate.swift */,
				2B2FD17522DAF32500596FF6 /* ViewController.swift */,
				2B2FD17722DAF32500596FF6 /* Main.storyboard */,
				2B2FD17A22DAF32700596FF6 /* Assets.xcassets */,
				2B2FD17C22DAF32700596FF6 /* LaunchScreen.storyboard */,
				2B2FD17F22DAF32700596FF6 /* Info.plist */,
			);
			path = RxSwiftAPIGithubsExample;
			sourceTree = "<group>";
		};
		2B2FD18722DAF32700596FF6 /* RxSwiftAPIGithubsExampleTests */ = {
			isa = PBXGroup;
			children = (
				2B2FD18822DAF32700596FF6 /* RxSwiftAPIGithubsExampleTests.swift */,
				2B2FD18A22DAF32700596FF6 /* Info.plist */,
			);
			path = RxSwiftAPIGithubsExampleTests;
			sourceTree = "<group>";
		};
		7DFA80D1C9B68423FBF500A3 /* Frameworks */ = {
			isa = PBXGroup;
			children = (
				868A9CECB6FCF18978874A0C /* Pods_RxSwiftAPIGithubsExample.framework */,
				BEA6ABA2AF25BE8C9A26A070 /* Pods_RxSwiftAPIGithubsExampleTests.framework */,
			);
			name = Frameworks;
			sourceTree = "<group>";
		};
		8026044FC9405EF30F4DC03E /* Pods */ = {
			isa = PBXGroup;
			children = (
				23C7DAB1E3A3EAC4CDBC749C /* Pods-RxSwiftAPIGithubsExample.debug.xcconfig */,
				04890791F623C5596036D03E /* Pods-RxSwiftAPIGithubsExample.release.xcconfig */,
				8E7F83F3A911F9AEBA95576B /* Pods-RxSwiftAPIGithubsExampleTests.debug.xcconfig */,
				01F1BCA96A0E641E38B259D5 /* Pods-RxSwiftAPIGithubsExampleTests.release.xcconfig */,
			);
			path = Pods;
			sourceTree = "<group>";
		};
/* End PBXGroup section */

/* Begin PBXNativeTarget section */
		2B2FD16F22DAF32500596FF6 /* RxSwiftAPIGithubsExample */ = {
			isa = PBXNativeTarget;
			buildConfigurationList = 2B2FD18D22DAF32700596FF6 /* Build configuration list for PBXNativeTarget "RxSwiftAPIGithubsExample" */;
			buildPhases = (
				26579EA1009616B010B00706 /* [CP] Check Pods Manifest.lock */,
				2B2FD16C22DAF32500596FF6 /* Sources */,
				2B2FD16D22DAF32500596FF6 /* Frameworks */,
				2B2FD16E22DAF32500596FF6 /* Resources */,
				E0F7EDDD00E721BFA5680D53 /* [CP] Embed Pods Frameworks */,
				2B23AB5022DB327800A1BA97 /* SwiftLint Auto Correct */,
			);
			buildRules = (
			);
			dependencies = (
			);
			name = RxSwiftAPIGithubsExample;
			productName = RxSwiftAPIGithubsExample;
			productReference = 2B2FD17022DAF32500596FF6 /* RxSwiftAPIGithubsExample.app */;
			productType = "com.apple.product-type.application";
		};
		2B2FD18322DAF32700596FF6 /* RxSwiftAPIGithubsExampleTests */ = {
			isa = PBXNativeTarget;
			buildConfigurationList = 2B2FD19022DAF32700596FF6 /* Build configuration list for PBXNativeTarget "RxSwiftAPIGithubsExampleTests" */;
			buildPhases = (
				DFF83BDDE9BFDF06DC2288FD /* [CP] Check Pods Manifest.lock */,
				2B2FD18022DAF32700596FF6 /* Sources */,
				2B2FD18122DAF32700596FF6 /* Frameworks */,
				2B2FD18222DAF32700596FF6 /* Resources */,
			);
			buildRules = (
			);
			dependencies = (
				2B2FD18622DAF32700596FF6 /* PBXTargetDependency */,
			);
			name = RxSwiftAPIGithubsExampleTests;
			productName = RxSwiftAPIGithubsExampleTests;
			productReference = 2B2FD18422DAF32700596FF6 /* RxSwiftAPIGithubsExampleTests.xctest */;
			productType = "com.apple.product-type.bundle.unit-test";
		};
/* End PBXNativeTarget section */

/* Begin PBXProject section */
		2B2FD16822DAF32500596FF6 /* Project object */ = {
			isa = PBXProject;
			attributes = {
				LastSwiftUpdateCheck = 1020;
				LastUpgradeCheck = 1020;
				ORGANIZATIONNAME = "Cock Developer";
				TargetAttributes = {
					2B2FD16F22DAF32500596FF6 = {
						CreatedOnToolsVersion = 10.2.1;
					};
					2B2FD18322DAF32700596FF6 = {
						CreatedOnToolsVersion = 10.2.1;
						TestTargetID = 2B2FD16F22DAF32500596FF6;
					};
				};
			};
			buildConfigurationList = 2B2FD16B22DAF32500596FF6 /* Build configuration list for PBXProject "RxSwiftAPIGithubsExample" */;
			compatibilityVersion = "Xcode 9.3";
			developmentRegion = en;
			hasScannedForEncodings = 0;
			knownRegions = (
				en,
				Base,
			);
			mainGroup = 2B2FD16722DAF32500596FF6;
			productRefGroup = 2B2FD17122DAF32500596FF6 /* Products */;
			projectDirPath = "";
			projectRoot = "";
			targets = (
				2B2FD16F22DAF32500596FF6 /* RxSwiftAPIGithubsExample */,
				2B2FD18322DAF32700596FF6 /* RxSwiftAPIGithubsExampleTests */,
			);
		};
/* End PBXProject section */

/* Begin PBXResourcesBuildPhase section */
		2B2FD16E22DAF32500596FF6 /* Resources */ = {
			isa = PBXResourcesBuildPhase;
			buildActionMask = 2147483647;
			files = (
				2B2FD17E22DAF32700596FF6 /* LaunchScreen.storyboard in Resources */,
				2B2FD17B22DAF32700596FF6 /* Assets.xcassets in Resources */,
				2B2FD17922DAF32500596FF6 /* Main.storyboard in Resources */,
			);
			runOnlyForDeploymentPostprocessing = 0;
		};
		2B2FD18222DAF32700596FF6 /* Resources */ = {
			isa = PBXResourcesBuildPhase;
			buildActionMask = 2147483647;
			files = (
			);
			runOnlyForDeploymentPostprocessing = 0;
		};
/* End PBXResourcesBuildPhase section */

/* Begin PBXShellScriptBuildPhase section */
		26579EA1009616B010B00706 /* [CP] Check Pods Manifest.lock */ = {
			isa = PBXShellScriptBuildPhase;
			buildActionMask = 2147483647;
			files = (
			);
			inputFileListPaths = (
			);
			inputPaths = (
				"${PODS_PODFILE_DIR_PATH}/Podfile.lock",
				"${PODS_ROOT}/Manifest.lock",
			);
			name = "[CP] Check Pods Manifest.lock";
			outputFileListPaths = (
			);
			outputPaths = (
				"$(DERIVED_FILE_DIR)/Pods-RxSwiftAPIGithubsExample-checkManifestLockResult.txt",
			);
			runOnlyForDeploymentPostprocessing = 0;
			shellPath = /bin/sh;
			shellScript = "diff \"${PODS_PODFILE_DIR_PATH}/Podfile.lock\" \"${PODS_ROOT}/Manifest.lock\" > /dev/null\nif [ $? != 0 ] ; then\n    # print error to STDERR\n    echo \"error: The sandbox is not in sync with the Podfile.lock. Run 'pod install' or update your CocoaPods installation.\" >&2\n    exit 1\nfi\n# This output is used by Xcode 'outputs' to avoid re-running this script phase.\necho \"SUCCESS\" > \"${SCRIPT_OUTPUT_FILE_0}\"\n";
			showEnvVarsInLog = 0;
		};
		2B23AB5022DB327800A1BA97 /* SwiftLint Auto Correct */ = {
			isa = PBXShellScriptBuildPhase;
			buildActionMask = 2147483647;
			files = (
			);
			inputFileListPaths = (
			);
			inputPaths = (
			);
			name = "SwiftLint Auto Correct";
			outputFileListPaths = (
			);
			outputPaths = (
			);
			runOnlyForDeploymentPostprocessing = 0;
			shellPath = /bin/sh;
			shellScript = "# Type a script or drag a script file from your workspace to insert its path.\n\"${PODS_ROOT}/SwiftLint/swiftlint\"\n";
		};
		DFF83BDDE9BFDF06DC2288FD /* [CP] Check Pods Manifest.lock */ = {
			isa = PBXShellScriptBuildPhase;
			buildActionMask = 2147483647;
			files = (
			);
			inputFileListPaths = (
			);
			inputPaths = (
				"${PODS_PODFILE_DIR_PATH}/Podfile.lock",
				"${PODS_ROOT}/Manifest.lock",
			);
			name = "[CP] Check Pods Manifest.lock";
			outputFileListPaths = (
			);
			outputPaths = (
				"$(DERIVED_FILE_DIR)/Pods-RxSwiftAPIGithubsExampleTests-checkManifestLockResult.txt",
			);
			runOnlyForDeploymentPostprocessing = 0;
			shellPath = /bin/sh;
			shellScript = "diff \"${PODS_PODFILE_DIR_PATH}/Podfile.lock\" \"${PODS_ROOT}/Manifest.lock\" > /dev/null\nif [ $? != 0 ] ; then\n    # print error to STDERR\n    echo \"error: The sandbox is not in sync with the Podfile.lock. Run 'pod install' or update your CocoaPods installation.\" >&2\n    exit 1\nfi\n# This output is used by Xcode 'outputs' to avoid re-running this script phase.\necho \"SUCCESS\" > \"${SCRIPT_OUTPUT_FILE_0}\"\n";
			showEnvVarsInLog = 0;
		};
		E0F7EDDD00E721BFA5680D53 /* [CP] Embed Pods Frameworks */ = {
			isa = PBXShellScriptBuildPhase;
			buildActionMask = 2147483647;
			files = (
			);
			inputFileListPaths = (
				"${PODS_ROOT}/Target Support Files/Pods-RxSwiftAPIGithubsExample/Pods-RxSwiftAPIGithubsExample-frameworks-${CONFIGURATION}-input-files.xcfilelist",
			);
			name = "[CP] Embed Pods Frameworks";
			outputFileListPaths = (
				"${PODS_ROOT}/Target Support Files/Pods-RxSwiftAPIGithubsExample/Pods-RxSwiftAPIGithubsExample-frameworks-${CONFIGURATION}-output-files.xcfilelist",
			);
			runOnlyForDeploymentPostprocessing = 0;
			shellPath = /bin/sh;
			shellScript = "\"${PODS_ROOT}/Target Support Files/Pods-RxSwiftAPIGithubsExample/Pods-RxSwiftAPIGithubsExample-frameworks.sh\"\n";
			showEnvVarsInLog = 0;
		};
/* End PBXShellScriptBuildPhase section */

/* Begin PBXSourcesBuildPhase section */
		2B2FD16C22DAF32500596FF6 /* Sources */ = {
			isa = PBXSourcesBuildPhase;
			buildActionMask = 2147483647;
			files = (
				2B2FD17622DAF32500596FF6 /* ViewController.swift in Sources */,
				2B2FD17422DAF32500596FF6 /* AppDelegate.swift in Sources */,
			);
			runOnlyForDeploymentPostprocessing = 0;
		};
		2B2FD18022DAF32700596FF6 /* Sources */ = {
			isa = PBXSourcesBuildPhase;
			buildActionMask = 2147483647;
			files = (
				2B2FD18922DAF32700596FF6 /* RxSwiftAPIGithubsExampleTests.swift in Sources */,
			);
			runOnlyForDeploymentPostprocessing = 0;
		};
/* End PBXSourcesBuildPhase section */

/* Begin PBXTargetDependency section */
		2B2FD18622DAF32700596FF6 /* PBXTargetDependency */ = {
			isa = PBXTargetDependency;
			target = 2B2FD16F22DAF32500596FF6 /* RxSwiftAPIGithubsExample */;
			targetProxy = 2B2FD18522DAF32700596FF6 /* PBXContainerItemProxy */;
		};
/* End PBXTargetDependency section */

/* Begin PBXVariantGroup section */
		2B2FD17722DAF32500596FF6 /* Main.storyboard */ = {
			isa = PBXVariantGroup;
			children = (
				2B2FD17822DAF32500596FF6 /* Base */,
			);
			name = Main.storyboard;
			sourceTree = "<group>";
		};
		2B2FD17C22DAF32700596FF6 /* LaunchScreen.storyboard */ = {
			isa = PBXVariantGroup;
			children = (
				2B2FD17D22DAF32700596FF6 /* Base */,
			);
			name = LaunchScreen.storyboard;
			sourceTree = "<group>";
		};
/* End PBXVariantGroup section */

/* Begin XCBuildConfiguration section */
		2B2FD18B22DAF32700596FF6 /* Debug */ = {
			isa = XCBuildConfiguration;
			buildSettings = {
				ALWAYS_SEARCH_USER_PATHS = NO;
				CLANG_ANALYZER_NONNULL = YES;
				CLANG_ANALYZER_NUMBER_OBJECT_CONVERSION = YES_AGGRESSIVE;
				CLANG_CXX_LANGUAGE_STANDARD = "gnu++14";
				CLANG_CXX_LIBRARY = "libc++";
				CLANG_ENABLE_MODULES = YES;
				CLANG_ENABLE_OBJC_ARC = YES;
				CLANG_ENABLE_OBJC_WEAK = YES;
				CLANG_WARN_BLOCK_CAPTURE_AUTORELEASING = YES;
				CLANG_WARN_BOOL_CONVERSION = YES;
				CLANG_WARN_COMMA = YES;
				CLANG_WARN_CONSTANT_CONVERSION = YES;
				CLANG_WARN_DEPRECATED_OBJC_IMPLEMENTATIONS = YES;
				CLANG_WARN_DIRECT_OBJC_ISA_USAGE = YES_ERROR;
				CLANG_WARN_DOCUMENTATION_COMMENTS = YES;
				CLANG_WARN_EMPTY_BODY = YES;
				CLANG_WARN_ENUM_CONVERSION = YES;
				CLANG_WARN_INFINITE_RECURSION = YES;
				CLANG_WARN_INT_CONVERSION = YES;
				CLANG_WARN_NON_LITERAL_NULL_CONVERSION = YES;
				CLANG_WARN_OBJC_IMPLICIT_RETAIN_SELF = YES;
				CLANG_WARN_OBJC_LITERAL_CONVERSION = YES;
				CLANG_WARN_OBJC_ROOT_CLASS = YES_ERROR;
				CLANG_WARN_RANGE_LOOP_ANALYSIS = YES;
				CLANG_WARN_STRICT_PROTOTYPES = YES;
				CLANG_WARN_SUSPICIOUS_MOVE = YES;
				CLANG_WARN_UNGUARDED_AVAILABILITY = YES_AGGRESSIVE;
				CLANG_WARN_UNREACHABLE_CODE = YES;
				CLANG_WARN__DUPLICATE_METHOD_MATCH = YES;
				CODE_SIGN_IDENTITY = "iPhone Developer";
				COPY_PHASE_STRIP = NO;
				DEBUG_INFORMATION_FORMAT = dwarf;
				ENABLE_STRICT_OBJC_MSGSEND = YES;
				ENABLE_TESTABILITY = YES;
				GCC_C_LANGUAGE_STANDARD = gnu11;
				GCC_DYNAMIC_NO_PIC = NO;
				GCC_NO_COMMON_BLOCKS = YES;
				GCC_OPTIMIZATION_LEVEL = 0;
				GCC_PREPROCESSOR_DEFINITIONS = (
					"DEBUG=1",
					"$(inherited)",
				);
				GCC_WARN_64_TO_32_BIT_CONVERSION = YES;
				GCC_WARN_ABOUT_RETURN_TYPE = YES_ERROR;
				GCC_WARN_UNDECLARED_SELECTOR = YES;
				GCC_WARN_UNINITIALIZED_AUTOS = YES_AGGRESSIVE;
				GCC_WARN_UNUSED_FUNCTION = YES;
				GCC_WARN_UNUSED_VARIABLE = YES;
				IPHONEOS_DEPLOYMENT_TARGET = 12.2;
				MTL_ENABLE_DEBUG_INFO = INCLUDE_SOURCE;
				MTL_FAST_MATH = YES;
				ONLY_ACTIVE_ARCH = YES;
				SDKROOT = iphoneos;
				SWIFT_ACTIVE_COMPILATION_CONDITIONS = DEBUG;
				SWIFT_OPTIMIZATION_LEVEL = "-Onone";
			};
			name = Debug;
		};
		2B2FD18C22DAF32700596FF6 /* Release */ = {
			isa = XCBuildConfiguration;
			buildSettings = {
				ALWAYS_SEARCH_USER_PATHS = NO;
				CLANG_ANALYZER_NONNULL = YES;
				CLANG_ANALYZER_NUMBER_OBJECT_CONVERSION = YES_AGGRESSIVE;
				CLANG_CXX_LANGUAGE_STANDARD = "gnu++14";
				CLANG_CXX_LIBRARY = "libc++";
				CLANG_ENABLE_MODULES = YES;
				CLANG_ENABLE_OBJC_ARC = YES;
				CLANG_ENABLE_OBJC_WEAK = YES;
				CLANG_WARN_BLOCK_CAPTURE_AUTORELEASING = YES;
				CLANG_WARN_BOOL_CONVERSION = YES;
				CLANG_WARN_COMMA = YES;
				CLANG_WARN_CONSTANT_CONVERSION = YES;
				CLANG_WARN_DEPRECATED_OBJC_IMPLEMENTATIONS = YES;
				CLANG_WARN_DIRECT_OBJC_ISA_USAGE = YES_ERROR;
				CLANG_WARN_DOCUMENTATION_COMMENTS = YES;
				CLANG_WARN_EMPTY_BODY = YES;
				CLANG_WARN_ENUM_CONVERSION = YES;
				CLANG_WARN_INFINITE_RECURSION = YES;
				CLANG_WARN_INT_CONVERSION = YES;
				CLANG_WARN_NON_LITERAL_NULL_CONVERSION = YES;
				CLANG_WARN_OBJC_IMPLICIT_RETAIN_SELF = YES;
				CLANG_WARN_OBJC_LITERAL_CONVERSION = YES;
				CLANG_WARN_OBJC_ROOT_CLASS = YES_ERROR;
				CLANG_WARN_RANGE_LOOP_ANALYSIS = YES;
				CLANG_WARN_STRICT_PROTOTYPES = YES;
				CLANG_WARN_SUSPICIOUS_MOVE = YES;
				CLANG_WARN_UNGUARDED_AVAILABILITY = YES_AGGRESSIVE;
				CLANG_WARN_UNREACHABLE_CODE = YES;
				CLANG_WARN__DUPLICATE_METHOD_MATCH = YES;
				CODE_SIGN_IDENTITY = "iPhone Developer";
				COPY_PHASE_STRIP = NO;
				DEBUG_INFORMATION_FORMAT = "dwarf-with-dsym";
				ENABLE_NS_ASSERTIONS = NO;
				ENABLE_STRICT_OBJC_MSGSEND = YES;
				GCC_C_LANGUAGE_STANDARD = gnu11;
				GCC_NO_COMMON_BLOCKS = YES;
				GCC_WARN_64_TO_32_BIT_CONVERSION = YES;
				GCC_WARN_ABOUT_RETURN_TYPE = YES_ERROR;
				GCC_WARN_UNDECLARED_SELECTOR = YES;
				GCC_WARN_UNINITIALIZED_AUTOS = YES_AGGRESSIVE;
				GCC_WARN_UNUSED_FUNCTION = YES;
				GCC_WARN_UNUSED_VARIABLE = YES;
				IPHONEOS_DEPLOYMENT_TARGET = 12.2;
				MTL_ENABLE_DEBUG_INFO = NO;
				MTL_FAST_MATH = YES;
				SDKROOT = iphoneos;
				SWIFT_COMPILATION_MODE = wholemodule;
				SWIFT_OPTIMIZATION_LEVEL = "-O";
				VALIDATE_PRODUCT = YES;
			};
			name = Release;
		};
		2B2FD18E22DAF32700596FF6 /* Debug */ = {
			isa = XCBuildConfiguration;
			baseConfigurationReference = 23C7DAB1E3A3EAC4CDBC749C /* Pods-RxSwiftAPIGithubsExample.debug.xcconfig */;
			buildSettings = {
				ASSETCATALOG_COMPILER_APPICON_NAME = AppIcon;
				CODE_SIGN_STYLE = Automatic;
				DEVELOPMENT_TEAM = 2TS57QM5ZC;
				INFOPLIST_FILE = RxSwiftAPIGithubsExample/Info.plist;
				LD_RUNPATH_SEARCH_PATHS = (
					"$(inherited)",
					"@executable_path/Frameworks",
				);
				PRODUCT_BUNDLE_IDENTIFIER = vn.cock.RxSwiftAPIGithubsExample;
				PRODUCT_NAME = "$(TARGET_NAME)";
				SWIFT_VERSION = 5.0;
				TARGETED_DEVICE_FAMILY = "1,2";
			};
			name = Debug;
		};
		2B2FD18F22DAF32700596FF6 /* Release */ = {
			isa = XCBuildConfiguration;
			baseConfigurationReference = 04890791F623C5596036D03E /* Pods-RxSwiftAPIGithubsExample.release.xcconfig */;
			buildSettings = {
				ASSETCATALOG_COMPILER_APPICON_NAME = AppIcon;
				CODE_SIGN_STYLE = Automatic;
				DEVELOPMENT_TEAM = 2TS57QM5ZC;
				INFOPLIST_FILE = RxSwiftAPIGithubsExample/Info.plist;
				LD_RUNPATH_SEARCH_PATHS = (
					"$(inherited)",
					"@executable_path/Frameworks",
				);
				PRODUCT_BUNDLE_IDENTIFIER = vn.cock.RxSwiftAPIGithubsExample;
				PRODUCT_NAME = "$(TARGET_NAME)";
				SWIFT_VERSION = 5.0;
				TARGETED_DEVICE_FAMILY = "1,2";
			};
			name = Release;
		};
		2B2FD19122DAF32700596FF6 /* Debug */ = {
			isa = XCBuildConfiguration;
			baseConfigurationReference = 8E7F83F3A911F9AEBA95576B /* Pods-RxSwiftAPIGithubsExampleTests.debug.xcconfig */;
			buildSettings = {
				ALWAYS_EMBED_SWIFT_STANDARD_LIBRARIES = YES;
				BUNDLE_LOADER = "$(TEST_HOST)";
				CODE_SIGN_STYLE = Automatic;
				DEVELOPMENT_TEAM = 2TS57QM5ZC;
				INFOPLIST_FILE = RxSwiftAPIGithubsExampleTests/Info.plist;
				LD_RUNPATH_SEARCH_PATHS = (
					"$(inherited)",
					"@executable_path/Frameworks",
					"@loader_path/Frameworks",
				);
				PRODUCT_BUNDLE_IDENTIFIER = vn.cock.RxSwiftAPIGithubsExampleTests;
				PRODUCT_NAME = "$(TARGET_NAME)";
				SWIFT_VERSION = 5.0;
				TARGETED_DEVICE_FAMILY = "1,2";
				TEST_HOST = "$(BUILT_PRODUCTS_DIR)/RxSwiftAPIGithubsExample.app/RxSwiftAPIGithubsExample";
			};
			name = Debug;
		};
		2B2FD19222DAF32700596FF6 /* Release */ = {
			isa = XCBuildConfiguration;
			baseConfigurationReference = 01F1BCA96A0E641E38B259D5 /* Pods-RxSwiftAPIGithubsExampleTests.release.xcconfig */;
			buildSettings = {
				ALWAYS_EMBED_SWIFT_STANDARD_LIBRARIES = YES;
				BUNDLE_LOADER = "$(TEST_HOST)";
				CODE_SIGN_STYLE = Automatic;
				DEVELOPMENT_TEAM = 2TS57QM5ZC;
				INFOPLIST_FILE = RxSwiftAPIGithubsExampleTests/Info.plist;
				LD_RUNPATH_SEARCH_PATHS = (
					"$(inherited)",
					"@executable_path/Frameworks",
					"@loader_path/Frameworks",
				);
				PRODUCT_BUNDLE_IDENTIFIER = vn.cock.RxSwiftAPIGithubsExampleTests;
				PRODUCT_NAME = "$(TARGET_NAME)";
				SWIFT_VERSION = 5.0;
				TARGETED_DEVICE_FAMILY = "1,2";
				TEST_HOST = "$(BUILT_PRODUCTS_DIR)/RxSwiftAPIGithubsExample.app/RxSwiftAPIGithubsExample";
			};
			name = Release;
		};
/* End XCBuildConfiguration section */

/* Begin XCConfigurationList section */
		2B2FD16B22DAF32500596FF6 /* Build configuration list for PBXProject "RxSwiftAPIGithubsExample" */ = {
			isa = XCConfigurationList;
			buildConfigurations = (
				2B2FD18B22DAF32700596FF6 /* Debug */,
				2B2FD18C22DAF32700596FF6 /* Release */,
			);
			defaultConfigurationIsVisible = 0;
			defaultConfigurationName = Release;
		};
		2B2FD18D22DAF32700596FF6 /* Build configuration list for PBXNativeTarget "RxSwiftAPIGithubsExample" */ = {
			isa = XCConfigurationList;
			buildConfigurations = (
				2B2FD18E22DAF32700596FF6 /* Debug */,
				2B2FD18F22DAF32700596FF6 /* Release */,
			);
			defaultConfigurationIsVisible = 0;
			defaultConfigurationName = Release;
		};
		2B2FD19022DAF32700596FF6 /* Build configuration list for PBXNativeTarget "RxSwiftAPIGithubsExampleTests" */ = {
			isa = XCConfigurationList;
			buildConfigurations = (
				2B2FD19122DAF32700596FF6 /* Debug */,
				2B2FD19222DAF32700596FF6 /* Release */,
			);
			defaultConfigurationIsVisible = 0;
			defaultConfigurationName = Release;
		};
/* End XCConfigurationList section */
	};
	rootObject = 2B2FD16822DAF32500596FF6 /* Project object */;
}
